// !$*UTF8*$!
{
	archiveVersion = 1;
	classes = {
	};
	objectVersion = 46;
	objects = {

/* Begin PBXBuildFile section */
		43B2E1A11E498B63002DFEDF /* AppDelegate.swift in Sources */ = {isa = PBXBuildFile; fileRef = 43B2E1A01E498B63002DFEDF /* AppDelegate.swift */; };
		43B2E1A31E498B63002DFEDF /* ViewController.swift in Sources */ = {isa = PBXBuildFile; fileRef = 43B2E1A21E498B63002DFEDF /* ViewController.swift */; };
		43B2E1A61E498B63002DFEDF /* Main.storyboard in Resources */ = {isa = PBXBuildFile; fileRef = 43B2E1A41E498B63002DFEDF /* Main.storyboard */; };
		43B2E1A81E498B63002DFEDF /* Assets.xcassets in Resources */ = {isa = PBXBuildFile; fileRef = 43B2E1A71E498B63002DFEDF /* Assets.xcassets */; };
		43B2E1AB1E498B63002DFEDF /* LaunchScreen.storyboard in Resources */ = {isa = PBXBuildFile; fileRef = 43B2E1A91E498B63002DFEDF /* LaunchScreen.storyboard */; };
		43B2E1B61E498B64002DFEDF /* TipCalculatorTests.swift in Sources */ = {isa = PBXBuildFile; fileRef = 43B2E1B51E498B64002DFEDF /* TipCalculatorTests.swift */; };
		43B2E1C11E498B64002DFEDF /* TipCalculatorUITests.swift in Sources */ = {isa = PBXBuildFile; fileRef = 43B2E1C01E498B64002DFEDF /* TipCalculatorUITests.swift */; };
/* End PBXBuildFile section */

/* Begin PBXContainerItemProxy section */
		43B2E1B21E498B64002DFEDF /* PBXContainerItemProxy */ = {
			isa = PBXContainerItemProxy;
			containerPortal = 43B2E1951E498B62002DFEDF /* Project object */;
			proxyType = 1;
			remoteGlobalIDString = 43B2E19C1E498B62002DFEDF;
			remoteInfo = TipCalculator;
		};
		43B2E1BD1E498B64002DFEDF /* PBXContainerItemProxy */ = {
			isa = PBXContainerItemProxy;
			containerPortal = 43B2E1951E498B62002DFEDF /* Project object */;
			proxyType = 1;
			remoteGlobalIDString = 43B2E19C1E498B62002DFEDF;
			remoteInfo = TipCalculator;
		};
/* End PBXContainerItemProxy section */

/* Begin PBXFileReference section */
		43B2E19D1E498B63002DFEDF /* TipCalculator.app */ = {isa = PBXFileReference; explicitFileType = wrapper.application; includeInIndex = 0; path = TipCalculator.app; sourceTree = BUILT_PRODUCTS_DIR; };
		43B2E1A01E498B63002DFEDF /* AppDelegate.swift */ = {isa = PBXFileReference; lastKnownFileType = sourcecode.swift; path = AppDelegate.swift; sourceTree = "<group>"; };
		43B2E1A21E498B63002DFEDF /* ViewController.swift */ = {isa = PBXFileReference; lastKnownFileType = sourcecode.swift; path = ViewController.swift; sourceTree = "<group>"; };
		43B2E1A51E498B63002DFEDF /* Base */ = {isa = PBXFileReference; lastKnownFileType = file.storyboard; name = Base; path = Base.lproj/Main.storyboard; sourceTree = "<group>"; };
		43B2E1A71E498B63002DFEDF /* Assets.xcassets */ = {isa = PBXFileReference; lastKnownFileType = folder.assetcatalog; path = Assets.xcassets; sourceTree = "<group>"; };
		43B2E1AA1E498B63002DFEDF /* Base */ = {isa = PBXFileReference; lastKnownFileType = file.storyboard; name = Base; path = Base.lproj/LaunchScreen.storyboard; sourceTree = "<group>"; };
		43B2E1AC1E498B63002DFEDF /* Info.plist */ = {isa = PBXFileReference; lastKnownFileType = text.plist.xml; path = Info.plist; sourceTree = "<group>"; };
		43B2E1B11E498B64002DFEDF /* TipCalculatorTests.xctest */ = {isa = PBXFileReference; explicitFileType = wrapper.cfbundle; includeInIndex = 0; path = TipCalculatorTests.xctest; sourceTree = BUILT_PRODUCTS_DIR; };
		43B2E1B51E498B64002DFEDF /* TipCalculatorTests.swift */ = {isa = PBXFileReference; lastKnownFileType = sourcecode.swift; path = TipCalculatorTests.swift; sourceTree = "<group>"; };
		43B2E1B71E498B64002DFEDF /* Info.plist */ = {isa = PBXFileReference; lastKnownFileType = text.plist.xml; path = Info.plist; sourceTree = "<group>"; };
		43B2E1BC1E498B64002DFEDF /* TipCalculatorUITests.xctest */ = {isa = PBXFileReference; explicitFileType = wrapper.cfbundle; includeInIndex = 0; path = TipCalculatorUITests.xctest; sourceTree = BUILT_PRODUCTS_DIR; };
		43B2E1C01E498B64002DFEDF /* TipCalculatorUITests.swift */ = {isa = PBXFileReference; lastKnownFileType = sourcecode.swift; path = TipCalculatorUITests.swift; sourceTree = "<group>"; };
		43B2E1C21E498B64002DFEDF /* Info.plist */ = {isa = PBXFileReference; lastKnownFileType = text.plist.xml; path = Info.plist; sourceTree = "<group>"; };
/* End PBXFileReference section */

/* Begin PBXFrameworksBuildPhase section */
		43B2E19A1E498B62002DFEDF /* Frameworks */ = {
			isa = PBXFrameworksBuildPhase;
			buildActionMask = 2147483647;
			files = (
			);
			runOnlyForDeploymentPostprocessing = 0;
		};
		43B2E1AE1E498B64002DFEDF /* Frameworks */ = {
			isa = PBXFrameworksBuildPhase;
			buildActionMask = 2147483647;
			files = (
			);
			runOnlyForDeploymentPostprocessing = 0;
		};
		43B2E1B91E498B64002DFEDF /* Frameworks */ = {
			isa = PBXFrameworksBuildPhase;
			buildActionMask = 2147483647;
			files = (
			);
			runOnlyForDeploymentPostprocessing = 0;
		};
/* End PBXFrameworksBuildPhase section */

/* Begin PBXGroup section */
		43B2E1941E498B62002DFEDF = {
			isa = PBXGroup;
			children = (
				43B2E19F1E498B63002DFEDF /* TipCalculator */,
				43B2E1B41E498B64002DFEDF /* TipCalculatorTests */,
				43B2E1BF1E498B64002DFEDF /* TipCalculatorUITests */,
				43B2E19E1E498B63002DFEDF /* Products */,
			);
			sourceTree = "<group>";
		};
		43B2E19E1E498B63002DFEDF /* Products */ = {
			isa = PBXGroup;
			children = (
				43B2E19D1E498B63002DFEDF /* TipCalculator.app */,
				43B2E1B11E498B64002DFEDF /* TipCalculatorTests.xctest */,
				43B2E1BC1E498B64002DFEDF /* TipCalculatorUITests.xctest */,
			);
			name = Products;
			sourceTree = "<group>";
		};
		43B2E19F1E498B63002DFEDF /* TipCalculator */ = {
			isa = PBXGroup;
			children = (
				43B2E1A01E498B63002DFEDF /* AppDelegate.swift */,
				43B2E1A21E498B63002DFEDF /* ViewController.swift */,
				43B2E1A41E498B63002DFEDF /* Main.storyboard */,
				43B2E1A71E498B63002DFEDF /* Assets.xcassets */,
				43B2E1A91E498B63002DFEDF /* LaunchScreen.storyboard */,
				43B2E1AC1E498B63002DFEDF /* Info.plist */,
			);
			path = TipCalculator;
			sourceTree = "<group>";
		};
		43B2E1B41E498B64002DFEDF /* TipCalculatorTests */ = {
			isa = PBXGroup;
			children = (
				43B2E1B51E498B64002DFEDF /* TipCalculatorTests.swift */,
				43B2E1B71E498B64002DFEDF /* Info.plist */,
			);
			path = TipCalculatorTests;
			sourceTree = "<group>";
		};
		43B2E1BF1E498B64002DFEDF /* TipCalculatorUITests */ = {
			isa = PBXGroup;
			children = (
				43B2E1C01E498B64002DFEDF /* TipCalculatorUITests.swift */,
				43B2E1C21E498B64002DFEDF /* Info.plist */,
			);
			path = TipCalculatorUITests;
			sourceTree = "<group>";
		};
/* End PBXGroup section */

/* Begin PBXNativeTarget section */
		43B2E19C1E498B62002DFEDF /* TipCalculator */ = {
			isa = PBXNativeTarget;
			buildConfigurationList = 43B2E1C51E498B64002DFEDF /* Build configuration list for PBXNativeTarget "TipCalculator" */;
			buildPhases = (
				43B2E1991E498B62002DFEDF /* Sources */,
				43B2E19A1E498B62002DFEDF /* Frameworks */,
				43B2E19B1E498B62002DFEDF /* Resources */,
			);
			buildRules = (
			);
			dependencies = (
			);
			name = TipCalculator;
			productName = TipCalculator;
			productReference = 43B2E19D1E498B63002DFEDF /* TipCalculator.app */;
			productType = "com.apple.product-type.application";
		};
		43B2E1B01E498B64002DFEDF /* TipCalculatorTests */ = {
			isa = PBXNativeTarget;
			buildConfigurationList = 43B2E1C81E498B64002DFEDF /* Build configuration list for PBXNativeTarget "TipCalculatorTests" */;
			buildPhases = (
				43B2E1AD1E498B64002DFEDF /* Sources */,
				43B2E1AE1E498B64002DFEDF /* Frameworks */,
				43B2E1AF1E498B64002DFEDF /* Resources */,
			);
			buildRules = (
			);
			dependencies = (
				43B2E1B31E498B64002DFEDF /* PBXTargetDependency */,
			);
			name = TipCalculatorTests;
			productName = TipCalculatorTests;
			productReference = 43B2E1B11E498B64002DFEDF /* TipCalculatorTests.xctest */;
			productType = "com.apple.product-type.bundle.unit-test";
		};
		43B2E1BB1E498B64002DFEDF /* TipCalculatorUITests */ = {
			isa = PBXNativeTarget;
			buildConfigurationList = 43B2E1CB1E498B64002DFEDF /* Build configuration list for PBXNativeTarget "TipCalculatorUITests" */;
			buildPhases = (
				43B2E1B81E498B64002DFEDF /* Sources */,
				43B2E1B91E498B64002DFEDF /* Frameworks */,
				43B2E1BA1E498B64002DFEDF /* Resources */,
			);
			buildRules = (
			);
			dependencies = (
				43B2E1BE1E498B64002DFEDF /* PBXTargetDependency */,
			);
			name = TipCalculatorUITests;
			productName = TipCalculatorUITests;
			productReference = 43B2E1BC1E498B64002DFEDF /* TipCalculatorUITests.xctest */;
			productType = "com.apple.product-type.bundle.ui-testing";
		};
/* End PBXNativeTarget section */

/* Begin PBXProject section */
		43B2E1951E498B62002DFEDF /* Project object */ = {
			isa = PBXProject;
			attributes = {
				LastSwiftUpdateCheck = 0820;
				LastUpgradeCheck = 0820;
				TargetAttributes = {
					43B2E19C1E498B62002DFEDF = {
						CreatedOnToolsVersion = 8.2.1;
						DevelopmentTeam = 9PR2G8DZMW;
						ProvisioningStyle = Automatic;
					};
					43B2E1B01E498B64002DFEDF = {
						CreatedOnToolsVersion = 8.2.1;
						DevelopmentTeam = 9PR2G8DZMW;
						ProvisioningStyle = Automatic;
						TestTargetID = 43B2E19C1E498B62002DFEDF;
					};
					43B2E1BB1E498B64002DFEDF = {
						CreatedOnToolsVersion = 8.2.1;
						DevelopmentTeam = 9PR2G8DZMW;
						ProvisioningStyle = Automatic;
						TestTargetID = 43B2E19C1E498B62002DFEDF;
					};
				};
			};
			buildConfigurationList = 43B2E1981E498B62002DFEDF /* Build configuration list for PBXProject "TipCalculator" */;
			compatibilityVersion = "Xcode 3.2";
			developmentRegion = English;
			hasScannedForEncodings = 0;
			knownRegions = (
				en,
				Base,
			);
			mainGroup = 43B2E1941E498B62002DFEDF;
			productRefGroup = 43B2E19E1E498B63002DFEDF /* Products */;
			projectDirPath = "";
			projectRoot = "";
			targets = (
				43B2E19C1E498B62002DFEDF /* TipCalculator */,
				43B2E1B01E498B64002DFEDF /* TipCalculatorTests */,
				43B2E1BB1E498B64002DFEDF /* TipCalculatorUITests */,
			);
		};
/* End PBXProject section */

/* Begin PBXResourcesBuildPhase section */
		43B2E19B1E498B62002DFEDF /* Resources */ = {
			isa = PBXResourcesBuildPhase;
			buildActionMask = 2147483647;
			files = (
				43B2E1AB1E498B63002DFEDF /* LaunchScreen.storyboard in Resources */,
				43B2E1A81E498B63002DFEDF /* Assets.xcassets in Resources */,
				43B2E1A61E498B63002DFEDF /* Main.storyboard in Resources */,
			);
			runOnlyForDeploymentPostprocessing = 0;
		};
		43B2E1AF1E498B64002DFEDF /* Resources */ = {
			isa = PBXResourcesBuildPhase;
			buildActionMask = 2147483647;
			files = (
			);
			runOnlyForDeploymentPostprocessing = 0;
		};
		43B2E1BA1E498B64002DFEDF /* Resources */ = {
			isa = PBXResourcesBuildPhase;
			buildActionMask = 2147483647;
			files = (
			);
			runOnlyForDeploymentPostprocessing = 0;
		};
/* End PBXResourcesBuildPhase section */

/* Begin PBXSourcesBuildPhase section */
		43B2E1991E498B62002DFEDF /* Sources */ = {
			isa = PBXSourcesBuildPhase;
			buildActionMask = 2147483647;
			files = (
				43B2E1A31E498B63002DFEDF /* ViewController.swift in Sources */,
				43B2E1A11E498B63002DFEDF /* AppDelegate.swift in Sources */,
			);
			runOnlyForDeploymentPostprocessing = 0;
		};
		43B2E1AD1E498B64002DFEDF /* Sources */ = {
			isa = PBXSourcesBuildPhase;
			buildActionMask = 2147483647;
			files = (
				43B2E1B61E498B64002DFEDF /* TipCalculatorTests.swift in Sources */,
			);
			runOnlyForDeploymentPostprocessing = 0;
		};
		43B2E1B81E498B64002DFEDF /* Sources */ = {
			isa = PBXSourcesBuildPhase;
			buildActionMask = 2147483647;
			files = (
				43B2E1C11E498B64002DFEDF /* TipCalculatorUITests.swift in Sources */,
			);
			runOnlyForDeploymentPostprocessing = 0;
		};
/* End PBXSourcesBuildPhase section */

/* Begin PBXTargetDependency section */
		43B2E1B31E498B64002DFEDF /* PBXTargetDependency */ = {
			isa = PBXTargetDependency;
			target = 43B2E19C1E498B62002DFEDF /* TipCalculator */;
			targetProxy = 43B2E1B21E498B64002DFEDF /* PBXContainerItemProxy */;
		};
		43B2E1BE1E498B64002DFEDF /* PBXTargetDependency */ = {
			isa = PBXTargetDependency;
			target = 43B2E19C1E498B62002DFEDF /* TipCalculator */;
			targetProxy = 43B2E1BD1E498B64002DFEDF /* PBXContainerItemProxy */;
		};
/* End PBXTargetDependency section */

/* Begin PBXVariantGroup section */
		43B2E1A41E498B63002DFEDF /* Main.storyboard */ = {
			isa = PBXVariantGroup;
			children = (
				43B2E1A51E498B63002DFEDF /* Base */,
			);
			name = Main.storyboard;
			sourceTree = "<group>";
		};
		43B2E1A91E498B63002DFEDF /* LaunchScreen.storyboard */ = {
			isa = PBXVariantGroup;
			children = (
				43B2E1AA1E498B63002DFEDF /* Base */,
			);
			name = LaunchScreen.storyboard;
			sourceTree = "<group>";
		};
/* End PBXVariantGroup section */

/* Begin XCBuildConfiguration section */
		43B2E1C31E498B64002DFEDF /* Debug */ = {
			isa = XCBuildConfiguration;
			buildSettings = {
				ALWAYS_SEARCH_USER_PATHS = NO;
				CLANG_ANALYZER_NONNULL = YES;
				CLANG_CXX_LANGUAGE_STANDARD = "gnu++0x";
				CLANG_CXX_LIBRARY = "libc++";
				CLANG_ENABLE_MODULES = YES;
				CLANG_ENABLE_OBJC_ARC = YES;
				CLANG_WARN_BOOL_CONVERSION = YES;
				CLANG_WARN_CONSTANT_CONVERSION = YES;
				CLANG_WARN_DIRECT_OBJC_ISA_USAGE = YES_ERROR;
				CLANG_WARN_DOCUMENTATION_COMMENTS = YES;
				CLANG_WARN_EMPTY_BODY = YES;
				CLANG_WARN_ENUM_CONVERSION = YES;
				CLANG_WARN_INFINITE_RECURSION = YES;
				CLANG_WARN_INT_CONVERSION = YES;
				CLANG_WARN_OBJC_ROOT_CLASS = YES_ERROR;
				CLANG_WARN_SUSPICIOUS_MOVE = YES;
				CLANG_WARN_UNREACHABLE_CODE = YES;
				CLANG_WARN__DUPLICATE_METHOD_MATCH = YES;
				"CODE_SIGN_IDENTITY[sdk=iphoneos*]" = "iPhone Developer";
				COPY_PHASE_STRIP = NO;
				DEBUG_INFORMATION_FORMAT = dwarf;
				ENABLE_STRICT_OBJC_MSGSEND = YES;
				ENABLE_TESTABILITY = YES;
				GCC_C_LANGUAGE_STANDARD = gnu99;
				GCC_DYNAMIC_NO_PIC = NO;
				GCC_NO_COMMON_BLOCKS = YES;
				GCC_OPTIMIZATION_LEVEL = 0;
				GCC_PREPROCESSOR_DEFINITIONS = (
					"DEBUG=1",
					"$(inherited)",
				);
				GCC_WARN_64_TO_32_BIT_CONVERSION = YES;
				GCC_WARN_ABOUT_RETURN_TYPE = YES_ERROR;
				GCC_WARN_UNDECLARED_SELECTOR = YES;
				GCC_WARN_UNINITIALIZED_AUTOS = YES_AGGRESSIVE;
				GCC_WARN_UNUSED_FUNCTION = YES;
				GCC_WARN_UNUSED_VARIABLE = YES;
				IPHONEOS_DEPLOYMENT_TARGET = 10.2;
				MTL_ENABLE_DEBUG_INFO = YES;
				ONLY_ACTIVE_ARCH = YES;
				SDKROOT = iphoneos;
				SWIFT_ACTIVE_COMPILATION_CONDITIONS = DEBUG;
				SWIFT_OPTIMIZATION_LEVEL = "-Onone";
			};
			name = Debug;
		};
		43B2E1C41E498B64002DFEDF /* Release */ = {
			isa = XCBuildConfiguration;
			buildSettings = {
				ALWAYS_SEARCH_USER_PATHS = NO;
				CLANG_ANALYZER_NONNULL = YES;
				CLANG_CXX_LANGUAGE_STANDARD = "gnu++0x";
				CLANG_CXX_LIBRARY = "libc++";
				CLANG_ENABLE_MODULES = YES;
				CLANG_ENABLE_OBJC_ARC = YES;
				CLANG_WARN_BOOL_CONVERSION = YES;
				CLANG_WARN_CONSTANT_CONVERSION = YES;
				CLANG_WARN_DIRECT_OBJC_ISA_USAGE = YES_ERROR;
				CLANG_WARN_DOCUMENTATION_COMMENTS = YES;
				CLANG_WARN_EMPTY_BODY = YES;
				CLANG_WARN_ENUM_CONVERSION = YES;
				CLANG_WARN_INFINITE_RECURSION = YES;
				CLANG_WARN_INT_CONVERSION = YES;
				CLANG_WARN_OBJC_ROOT_CLASS = YES_ERROR;
				CLANG_WARN_SUSPICIOUS_MOVE = YES;
				CLANG_WARN_UNREACHABLE_CODE = YES;
				CLANG_WARN__DUPLICATE_METHOD_MATCH = YES;
				"CODE_SIGN_IDENTITY[sdk=iphoneos*]" = "iPhone Developer";
				COPY_PHASE_STRIP = NO;
				DEBUG_INFORMATION_FORMAT = "dwarf-with-dsym";
				ENABLE_NS_ASSERTIONS = NO;
				ENABLE_STRICT_OBJC_MSGSEND = YES;
				GCC_C_LANGUAGE_STANDARD = gnu99;
				GCC_NO_COMMON_BLOCKS = YES;
				GCC_WARN_64_TO_32_BIT_CONVERSION = YES;
				GCC_WARN_ABOUT_RETURN_TYPE = YES_ERROR;
				GCC_WARN_UNDECLARED_SELECTOR = YES;
				GCC_WARN_UNINITIALIZED_AUTOS = YES_AGGRESSIVE;
				GCC_WARN_UNUSED_FUNCTION = YES;
				GCC_WARN_UNUSED_VARIABLE = YES;
				IPHONEOS_DEPLOYMENT_TARGET = 10.2;
				MTL_ENABLE_DEBUG_INFO = NO;
				SDKROOT = iphoneos;
				SWIFT_OPTIMIZATION_LEVEL = "-Owholemodule";
				VALIDATE_PRODUCT = YES;
			};
			name = Release;
		};
		43B2E1C61E498B64002DFEDF /* Debug */ = {
			isa = XCBuildConfiguration;
			buildSettings = {
				ASSETCATALOG_COMPILER_APPICON_NAME = AppIcon;
				DEVELOPMENT_TEAM = 9PR2G8DZMW;
				INFOPLIST_FILE = TipCalculator/Info.plist;
				LD_RUNPATH_SEARCH_PATHS = "$(inherited) @executable_path/Frameworks";
				PRODUCT_BUNDLE_IDENTIFIER = com.TipCalculator;
				PRODUCT_NAME = "$(TARGET_NAME)";
				SWIFT_VERSION = 3.0;
			};
			name = Debug;
		};
		43B2E1C71E498B64002DFEDF /* Release */ = {
			isa = XCBuildConfiguration;
			buildSettings = {
				ASSETCATALOG_COMPILER_APPICON_NAME = AppIcon;
				DEVELOPMENT_TEAM = 9PR2G8DZMW;
				INFOPLIST_FILE = TipCalculator/Info.plist;
				LD_RUNPATH_SEARCH_PATHS = "$(inherited) @executable_path/Frameworks";
				PRODUCT_BUNDLE_IDENTIFIER = com.TipCalculator;
				PRODUCT_NAME = "$(TARGET_NAME)";
				SWIFT_VERSION = 3.0;
			};
			name = Release;
		};
		43B2E1C91E498B64002DFEDF /* Debug */ = {
			isa = XCBuildConfiguration;
			buildSettings = {
				ALWAYS_EMBED_SWIFT_STANDARD_LIBRARIES = YES;
				BUNDLE_LOADER = "$(TEST_HOST)";
				DEVELOPMENT_TEAM = 9PR2G8DZMW;
				INFOPLIST_FILE = TipCalculatorTests/Info.plist;
				LD_RUNPATH_SEARCH_PATHS = "$(inherited) @executable_path/Frameworks @loader_path/Frameworks";
				PRODUCT_BUNDLE_IDENTIFIER = com.TipCalculatorTests;
				PRODUCT_NAME = "$(TARGET_NAME)";
				SWIFT_VERSION = 3.0;
				TEST_HOST = "$(BUILT_PRODUCTS_DIR)/TipCalculator.app/TipCalculator";
			};
			name = Debug;
		};
		43B2E1CA1E498B64002DFEDF /* Release */ = {
			isa = XCBuildConfiguration;
			buildSettings = {
				ALWAYS_EMBED_SWIFT_STANDARD_LIBRARIES = YES;
				BUNDLE_LOADER = "$(TEST_HOST)";
				DEVELOPMENT_TEAM = 9PR2G8DZMW;
				INFOPLIST_FILE = TipCalculatorTests/Info.plist;
				LD_RUNPATH_SEARCH_PATHS = "$(inherited) @executable_path/Frameworks @loader_path/Frameworks";
				PRODUCT_BUNDLE_IDENTIFIER = com.TipCalculatorTests;
				PRODUCT_NAME = "$(TARGET_NAME)";
				SWIFT_VERSION = 3.0;
				TEST_HOST = "$(BUILT_PRODUCTS_DIR)/TipCalculator.app/TipCalculator";
			};
			name = Release;
		};
		43B2E1CC1E498B64002DFEDF /* Debug */ = {
			isa = XCBuildConfiguration;
			buildSettings = {
				ALWAYS_EMBED_SWIFT_STANDARD_LIBRARIES = YES;
				DEVELOPMENT_TEAM = 9PR2G8DZMW;
				INFOPLIST_FILE = TipCalculatorUITests/Info.plist;
				LD_RUNPATH_SEARCH_PATHS = "$(inherited) @executable_path/Frameworks @loader_path/Frameworks";
				PRODUCT_BUNDLE_IDENTIFIER = com.TipCalculatorUITests;
				PRODUCT_NAME = "$(TARGET_NAME)";
				SWIFT_VERSION = 3.0;
				TEST_TARGET_NAME = TipCalculator;
			};
			name = Debug;
		};
		43B2E1CD1E498B64002DFEDF /* Release */ = {
			isa = XCBuildConfiguration;
			buildSettings = {
				ALWAYS_EMBED_SWIFT_STANDARD_LIBRARIES = YES;
				DEVELOPMENT_TEAM = 9PR2G8DZMW;
				INFOPLIST_FILE = TipCalculatorUITests/Info.plist;
				LD_RUNPATH_SEARCH_PATHS = "$(inherited) @executable_path/Frameworks @loader_path/Frameworks";
				PRODUCT_BUNDLE_IDENTIFIER = com.TipCalculatorUITests;
				PRODUCT_NAME = "$(TARGET_NAME)";
				SWIFT_VERSION = 3.0;
				TEST_TARGET_NAME = TipCalculator;
			};
			name = Release;
		};
/* End XCBuildConfiguration section */

/* Begin XCConfigurationList section */
		43B2E1981E498B62002DFEDF /* Build configuration list for PBXProject "TipCalculator" */ = {
			isa = XCConfigurationList;
			buildConfigurations = (
				43B2E1C31E498B64002DFEDF /* Debug */,
				43B2E1C41E498B64002DFEDF /* Release */,
			);
			defaultConfigurationIsVisible = 0;
			defaultConfigurationName = Release;
		};
		43B2E1C51E498B64002DFEDF /* Build configuration list for PBXNativeTarget "TipCalculator" */ = {
			isa = XCConfigurationList;
			buildConfigurations = (
				43B2E1C61E498B64002DFEDF /* Debug */,
				43B2E1C71E498B64002DFEDF /* Release */,
			);
			defaultConfigurationIsVisible = 0;
		};
		43B2E1C81E498B64002DFEDF /* Build configuration list for PBXNativeTarget "TipCalculatorTests" */ = {
			isa = XCConfigurationList;
			buildConfigurations = (
				43B2E1C91E498B64002DFEDF /* Debug */,
				43B2E1CA1E498B64002DFEDF /* Release */,
			);
			defaultConfigurationIsVisible = 0;
		};
		43B2E1CB1E498B64002DFEDF /* Build configuration list for PBXNativeTarget "TipCalculatorUITests" */ = {
			isa = XCConfigurationList;
			buildConfigurations = (
				43B2E1CC1E498B64002DFEDF /* Debug */,
				43B2E1CD1E498B64002DFEDF /* Release */,
			);
			defaultConfigurationIsVisible = 0;
		};
/* End XCConfigurationList section */
	};
	rootObject = 43B2E1951E498B62002DFEDF /* Project object */;
}
